
Microsoft Visual Studio Solution File, Format Version 12.00
Project("{FAE04EC0-301F-11D3-BF4B-00C04F79EFBC}") = "Algorithms", "Algorithms\Algorithms.csproj", "{C835A75B-F977-4C32-A7BC-8B53F5FDBE6A}"
EndProject
Project("{FAE04EC0-301F-11D3-BF4B-00C04F79EFBC}") = "AlgorithmsTest", "AlgorithmsTest\AlgorithmsTest.csproj", "{C7E08099-AB0F-43CF-9A99-D8735CCE38FE}"
EndProject
Project("{FAE04EC0-301F-11D3-BF4B-00C04F79EFBC}") = "SortComparer", "SortComparer\SortComparer.csproj", "{E08A76CA-D686-4E71-8912-EC07729101CE}"
EndProject
Global
	GlobalSection(SolutionConfigurationPlatforms) = preSolution
		Debug|Any CPU = Debug|Any CPU
		Release|Any CPU = Release|Any CPU
	EndGlobalSection
	GlobalSection(ProjectConfigurationPlatforms) = postSolution
		{C835A75B-F977-4C32-A7BC-8B53F5FDBE6A}.Debug|Any CPU.ActiveCfg = Debug|Any CPU
		{C835A75B-F977-4C32-A7BC-8B53F5FDBE6A}.Debug|Any CPU.Build.0 = Debug|Any CPU
		{C835A75B-F977-4C32-A7BC-8B53F5FDBE6A}.Release|Any CPU.ActiveCfg = Release|Any CPU
		{C835A75B-F977-4C32-A7BC-8B53F5FDBE6A}.Release|Any CPU.Build.0 = Release|Any CPU
		{C7E08099-AB0F-43CF-9A99-D8735CCE38FE}.Debug|Any CPU.ActiveCfg = Debug|Any CPU
		{C7E08099-AB0F-43CF-9A99-D8735CCE38FE}.Debug|Any CPU.Build.0 = Debug|Any CPU
		{C7E08099-AB0F-43CF-9A99-D8735CCE38FE}.Release|Any CPU.ActiveCfg = Release|Any CPU
		{C7E08099-AB0F-43CF-9A99-D8735CCE38FE}.Release|Any CPU.Build.0 = Release|Any CPU
		{E08A76CA-D686-4E71-8912-EC07729101CE}.Debug|Any CPU.ActiveCfg = Debug|Any CPU
		{E08A76CA-D686-4E71-8912-EC07729101CE}.Debug|Any CPU.Build.0 = Debug|Any CPU
		{E08A76CA-D686-4E71-8912-EC07729101CE}.Release|Any CPU.ActiveCfg = Release|Any CPU
		{E08A76CA-D686-4E71-8912-EC07729101CE}.Release|Any CPU.Build.0 = Release|Any CPU
	EndGlobalSection
EndGlobal
